{
  "name": "nook-bot",
  "version": "1.0.0",
  "lockfileVersion": 1,
  "requires": true,
  "dependencies": {
    "await-lock": {
      "version": "2.0.1",
      "resolved": "https://registry.npmjs.org/await-lock/-/await-lock-2.0.1.tgz",
      "integrity": "sha512-ntLi9fzlMT/vWjC1wwVI11/cSRJ3nTS35qVekNc9WnaoMOP2eWH0RvIqwLQkDjX4a4YynsKEv+Ere2VONp9wxg=="
    },
    "dotenv": {
      "version": "8.2.0",
      "resolved": "https://registry.npmjs.org/dotenv/-/dotenv-8.2.0.tgz",
      "integrity": "sha512-8sJ78ElpbDJBHNeBzUbUVLsqKdccaa/BXF1uPTw3GrvQTBgrQrtObr2mUrE38vzYd8cEv+m/JBfDLioYcfXoaw=="
    },
    "eris": {
      "version": "0.11.2",
      "resolved": "https://registry.npmjs.org/eris/-/eris-0.11.2.tgz",
      "integrity": "sha512-OhccRcxrPiNUylTamrjIbZM6itKMLjNrwLIXGvNwQZj4CRVOOz9eUVIqOJULB713x1ezw7HoC8AEsnsMNUneDA==",
      "requires": {
        "opusscript": "^0.0.7",
        "tweetnacl": "^1.0.1",
        "ws": "^7.2.1"
      }
    },
    "full-icu": {
      "version": "1.3.1",
      "resolved": "https://registry.npmjs.org/full-icu/-/full-icu-1.3.1.tgz",
      "integrity": "sha512-VMtK//85QJomhk3cXOCksNwOYaw1KWnYTS37GYGgyf7A3ajdBoPGhaJuJWAH2S2kq8GZeXkdKn+3Mfmgy11cVw==",
      "requires": {
        "icu4c-data": "^0.64.2"
      }
    },
    "icu4c-data": {
      "version": "0.64.2",
      "resolved": "https://registry.npmjs.org/icu4c-data/-/icu4c-data-0.64.2.tgz",
      "integrity": "sha512-BPuTfkRTkplmK1pNrqgyOLJ0qB2UcQ12EotVLwiWh4ErtZR1tEYoRZk/LBLmlDfK5v574/lQYLB4jT9vApBiBQ=="
    },
    "opusscript": {
      "version": "0.0.7",
      "resolved": "https://registry.npmjs.org/opusscript/-/opusscript-0.0.7.tgz",
      "integrity": "sha512-DcBadTdYTUuH9zQtepsLjQn4Ll6rs3dmeFvN+SD0ThPnxRBRm/WC1zXWPg+wgAJimB784gdZvUMA57gDP7FdVg==",
      "optional": true
    },
    "tweetnacl": {
      "version": "1.0.3",
      "resolved": "https://registry.npmjs.org/tweetnacl/-/tweetnacl-1.0.3.tgz",
      "integrity": "sha512-6rt+RN7aOi1nGMyC4Xa5DdYiukl2UWCbcJft7YhxReBGQD7OAM8Pbxw6YMo4r2diNEA8FEmu32YOn9rhaiE5yw==",
      "optional": true
    },
    "ws": {
      "version": "7.2.3",
      "resolved": "https://registry.npmjs.org/ws/-/ws-7.2.3.tgz",
      "integrity": "sha512-HTDl9G9hbkNDk98naoR/cHDws7+EyYMOdL1BmjsZXRUjf7d+MficC4B7HLUPlSiho0vg+CWKrGIt/VJBd1xunQ=="
    }
  }
}
